{
  "name": "nedbmgr",
  "version": "0.0.2",
  "lockfileVersion": 1,
  "dependencies": {
    "acorn": {
      "version": "https://registry.npmjs.org/acorn/-/acorn-1.2.2.tgz",
      "integrity": "sha1-yM4n3grMdtiW0rH6099YjZ6C8BQ="
    },
    "amdefine": {
      "version": "https://registry.npmjs.org/amdefine/-/amdefine-1.0.1.tgz",
      "integrity": "sha1-SlKCrBZHKek2Gbz9OtFR+BfOkfU="
    },
    "ast-types": {
      "version": "https://registry.npmjs.org/ast-types/-/ast-types-0.8.15.tgz",
      "integrity": "sha1-ju8IJ/BN/w7IhXupJavj/qYZTlI="
    },
    "async": {
      "version": "https://registry.npmjs.org/async/-/async-0.2.10.tgz",
      "integrity": "sha1-trvgsGdLnXGXCMo43owjfLUmw9E="
    },
    "base62": {
      "version": "https://registry.npmjs.org/base62/-/base62-0.1.1.tgz",
      "integrity": "sha1-e0F0wvlESXU7EcJlHAg9qEGnsIQ="
    },
    "binary-search-tree": {
      "version": "https://registry.npmjs.org/binary-search-tree/-/binary-search-tree-0.2.5.tgz",
      "integrity": "sha1-fbs7IQ/coIJFDa0jNMMErzm9x4Q="
    },
    "buffer-shims": {
      "version": "https://registry.npmjs.org/buffer-shims/-/buffer-shims-1.0.0.tgz",
      "integrity": "sha1-mXjOMXOIxkmth5MCjDR37wRKi1E="
    },
    "coffee-script": {
      "version": "https://registry.npmjs.org/coffee-script/-/coffee-script-1.12.3.tgz",
      "integrity": "sha1-3l9LG5NKTp+RXFes160yP2j3Fds="
    },
    "core-util-is": {
      "version": "https://registry.npmjs.org/core-util-is/-/core-util-is-1.0.2.tgz",
      "integrity": "sha1-tf1UIgqivFq1eqtxQMlAdUUDwac="
    },
    "duplexify": {
      "version": "https://registry.npmjs.org/duplexify/-/duplexify-3.5.0.tgz",
      "integrity": "sha1-GqdzAC4VeEV+nZ1KULDMquvL1gQ="
    },
    "end-of-stream": {
      "version": "https://registry.npmjs.org/end-of-stream/-/end-of-stream-1.0.0.tgz",
      "integrity": "sha1-1FlucCc0qT5A6a+GQxnqvZn/Lw4="
    },
    "es3ify": {
      "version": "https://registry.npmjs.org/es3ify/-/es3ify-0.1.4.tgz",
      "integrity": "sha1-rZ+l3xrjTz8x4SEbWBiy1RB439E=",
      "dependencies": {
        "esprima-fb": {
          "version": "3001.1.0-dev-harmony-fb",
          "resolved": "https://registry.npmjs.org/esprima-fb/-/esprima-fb-3001.0001.0000-dev-harmony-fb.tgz",
          "integrity": "sha1-t303q8046gt3Qmu4vCkizmtCZBE="
        }
      }
    },
    "esmangle-evaluator": {
      "version": "https://registry.npmjs.org/esmangle-evaluator/-/esmangle-evaluator-1.0.1.tgz",
      "integrity": "sha1-Yg2GbvSGGzMR91dm1SqFcrs8YzY="
    },
    "esprima-fb": {
      "version": "https://registry.npmjs.org/esprima-fb/-/esprima-fb-3001.0001.0000-dev-harmony-fb.tgz",
      "integrity": "sha1-t303q8046gt3Qmu4vCkizmtCZBE="
    },
    "falafel": {
      "version": "https://registry.npmjs.org/falafel/-/falafel-1.2.0.tgz",
      "integrity": "sha1-wY0k71CRF0pJfzGM0ksCaiXN2rQ=",
      "dependencies": {
        "isarray": {
          "version": "https://registry.npmjs.org/isarray/-/isarray-0.0.1.tgz",
          "integrity": "sha1-ihis/Kmo9Bd+Cav8YDiTmwXR7t8="
        }
      }
    },
    "fast-safe-stringify": {
      "version": "https://registry.npmjs.org/fast-safe-stringify/-/fast-safe-stringify-1.1.0.tgz",
      "integrity": "sha1-TKmMUC4Aw4fKGw5xhOlVcYv1Eug="
    },
    "foreach": {
      "version": "https://registry.npmjs.org/foreach/-/foreach-2.0.5.tgz",
      "integrity": "sha1-C+4AUBiusmDQo6865ljdATbsG5k="
    },
    "good": {
      "version": "https://registry.npmjs.org/good/-/good-7.1.0.tgz",
      "integrity": "sha1-ngWtJMWKEbcc9QgXAPN3jbCyLBw="
    },
    "good-console": {
      "version": "https://registry.npmjs.org/good-console/-/good-console-6.2.0.tgz",
      "integrity": "sha1-s4UJiqXA/Ts22QZ7aKNc/ElPyeo=",
      "dependencies": {
        "joi": {
          "version": "https://registry.npmjs.org/joi/-/joi-8.1.1.tgz",
          "integrity": "sha1-LYtSpdkJ0hftRySFd+7+ixeY9I8="
        }
      }
    },
    "good-squeeze": {
      "version": "https://registry.npmjs.org/good-squeeze/-/good-squeeze-5.0.1.tgz",
      "integrity": "sha1-K/U8KKd8BysYpkaR9uhizWjqCJE="
    },
    "hapi": {
      "version": "https://registry.npmjs.org/hapi/-/hapi-16.1.0.tgz",
      "integrity": "sha1-QZ3YY0dYiCHrWgpfSTvOAZgC0zs=",
      "dependencies": {
        "accept": {
          "version": "https://registry.npmjs.org/accept/-/accept-2.1.3.tgz",
          "integrity": "sha1-qw9b2kxEm76SaupgezUiVi9az4Y="
        },
        "ammo": {
          "version": "https://registry.npmjs.org/ammo/-/ammo-2.0.3.tgz",
          "integrity": "sha1-kUu89lsEPtD1ioqdAZbiUOxR5qc="
        },
        "b64": {
          "version": "https://registry.npmjs.org/b64/-/b64-3.0.2.tgz",
          "integrity": "sha1-ep1gRmrfe43hFMvfZRpf38yQiU0="
        },
        "boom": {
          "version": "https://registry.npmjs.org/boom/-/boom-4.2.0.tgz",
          "integrity": "sha1-wadBdLEfu6Ij9hYtT9iFGhuCpTY="
        },
        "call": {
          "version": "https://registry.npmjs.org/call/-/call-4.0.0.tgz",
          "integrity": "sha1-zSk4GpgEahMtsm4mKOcL2DIaHd8="
        },
        "catbox": {
          "version": "https://registry.npmjs.org/catbox/-/catbox-7.1.3.tgz",
          "integrity": "sha1-mBft7FqSF0MoKt38nEWs5ShH7rs="
        },
        "catbox-memory": {
          "version": "https://registry.npmjs.org/catbox-memory/-/catbox-memory-2.0.4.tgz",
          "integrity": "sha1-Qz4lWQLK9UIz0ShkKcj03xToItU="
        },
        "content": {
          "version": "https://registry.npmjs.org/content/-/content-3.0.3.tgz",
          "integrity": "sha1-AA+KATcblcZq/pm+k5D6bLkaqHo="
        },
        "cryptiles": {
          "version": "https://registry.npmjs.org/cryptiles/-/cryptiles-3.1.1.tgz",
          "integrity": "sha1-hqkgP3NnoOkyS8dVX/D89fgZee4="
        },
        "heavy": {
          "version": "https://registry.npmjs.org/heavy/-/heavy-4.0.3.tgz",
          "integrity": "sha1-l2u6EYsBGxX+kEqk8pKhaL/GIy8="
        },
        "hoek": {
          "version": "https://registry.npmjs.org/hoek/-/hoek-4.1.0.tgz",
          "integrity": "sha1-SkVXRg9phC7UY6oAYozCbSaDr6c="
        },
        "iron": {
          "version": "https://registry.npmjs.org/iron/-/iron-4.0.4.tgz",
          "integrity": "sha1-wfjMTJFFQZSriSDZJHuoguUoBho="
        },
        "isemail": {
          "version": "https://registry.npmjs.org/isemail/-/isemail-2.2.1.tgz",
          "integrity": "sha1-A1PT2aYpUQgMJiwqoKQrjqjp4qY="
        },
        "items": {
          "version": "https://registry.npmjs.org/items/-/items-2.1.1.tgz",
          "integrity": "sha1-i9FtnIOxlSneWuoyGsqtp4NkoZg="
        },
        "joi": {
          "version": "https://registry.npmjs.org/joi/-/joi-10.1.0.tgz",
          "integrity": "sha1-jDqHV3wVn/66EppQVPMjj579cVk="
        },
        "mime-db": {
          "version": "https://registry.npmjs.org/mime-db/-/mime-db-1.25.0.tgz",
          "integrity": "sha1-wY29fHOl2/b0SgJNwNFloeexw5I="
        },
        "mimos": {
          "version": "https://registry.npmjs.org/mimos/-/mimos-3.0.3.tgz",
          "integrity": "sha1-uRCQcq03jCty9qAQHEPd+ys2ZB8="
        },
        "nigel": {
          "version": "https://registry.npmjs.org/nigel/-/nigel-2.0.2.tgz",
          "integrity": "sha1-k6GGb7DFLYc5CqdeKxYfS1x15bE="
        },
        "pez": {
          "version": "https://registry.npmjs.org/pez/-/pez-2.1.4.tgz",
          "integrity": "sha1-c/gi+mLVmdZcRgb0kNVNNFGRvHw="
        },
        "podium": {
          "version": "https://registry.npmjs.org/podium/-/podium-1.2.5.tgz",
          "integrity": "sha1-h8VmwvA2W88KHsdgLE0BlIzdKtU="
        },
        "shot": {
          "version": "https://registry.npmjs.org/shot/-/shot-3.4.0.tgz",
          "integrity": "sha1-5xJe5yV1rlIYNJ6TNjaAjXkNS5I="
        },
        "statehood": {
          "version": "https://registry.npmjs.org/statehood/-/statehood-5.0.1.tgz",
          "integrity": "sha1-/BPJezd1HBjnBRPSuX6Jasi3MAU="
        },
        "subtext": {
          "version": "https://registry.npmjs.org/subtext/-/subtext-4.3.0.tgz",
          "integrity": "sha1-36yQSS7DVmn9bgDG5dk4sG18z7s="
        },
        "topo": {
          "version": "https://registry.npmjs.org/topo/-/topo-2.0.2.tgz",
          "integrity": "sha1-zVYVdSU5BXwNwEkaYhw7xvvh0YI="
        },
        "vise": {
          "version": "https://registry.npmjs.org/vise/-/vise-2.0.2.tgz",
          "integrity": "sha1-awjo+0y3bjpQzW3Q7DczjoEaDTk="
        },
        "wreck": {
          "version": "https://registry.npmjs.org/wreck/-/wreck-10.0.0.tgz",
          "integrity": "sha1-mKuIL4XhalJjMlB/EB9aeEEWIng="
        }
      }
    },
    "hoek": {
      "version": "https://registry.npmjs.org/hoek/-/hoek-4.1.0.tgz",
      "integrity": "sha1-SkVXRg9phC7UY6oAYozCbSaDr6c="
    },
    "immediate": {
      "version": "https://registry.npmjs.org/immediate/-/immediate-3.0.6.tgz",
      "integrity": "sha1-nbHb0Pr43m++D13V5Wu2BigN5ps="
    },
    "inherits": {
      "version": "https://registry.npmjs.org/inherits/-/inherits-2.0.3.tgz",
      "integrity": "sha1-Yzwsg+PaQqUC9SRmAiSA9CCCYd4="
    },
    "inline-process-browser": {
      "version": "https://registry.npmjs.org/inline-process-browser/-/inline-process-browser-1.0.0.tgz",
      "integrity": "sha1-RqYbFT3TybFiSxoAYm7bT39BTyI="
    },
    "isarray": {
      "version": "https://registry.npmjs.org/isarray/-/isarray-1.0.0.tgz",
      "integrity": "sha1-u5NdSFgsuhaMBoNJV6VKPgcSTxE="
    },
    "isemail": {
      "version": "https://registry.npmjs.org/isemail/-/isemail-2.2.1.tgz",
      "integrity": "sha1-A1PT2aYpUQgMJiwqoKQrjqjp4qY="
    },
    "items": {
      "version": "https://registry.npmjs.org/items/-/items-2.1.1.tgz",
      "integrity": "sha1-i9FtnIOxlSneWuoyGsqtp4NkoZg="
    },
    "joi": {
      "version": "10.6.0",
      "resolved": "https://registry.npmjs.org/joi/-/joi-10.6.0.tgz",
      "integrity": "sha512-hBF3LcqyAid+9X/pwg+eXjD2QBZI5eXnBFJYaAkH4SK3mp9QSRiiQnDYlmlz5pccMvnLcJRS4whhDOTCkmsAdQ=="
    },
    "json-stringify-safe": {
      "version": "https://registry.npmjs.org/json-stringify-safe/-/json-stringify-safe-5.0.1.tgz",
      "integrity": "sha1-Epai1Y/UXxmg9s4B1lcB4sc1tus="
    },
    "jstransform": {
      "version": "https://registry.npmjs.org/jstransform/-/jstransform-3.0.0.tgz",
      "integrity": "sha1-olkats7o2XvzvoMNv6IxO4fNZAs="
    },
    "lie": {
      "version": "https://registry.npmjs.org/lie/-/lie-3.0.2.tgz",
      "integrity": "sha1-/9oh17uibzd8rYZdNkmy/Izjn+o="
    },
    "localforage": {
      "version": "https://registry.npmjs.org/localforage/-/localforage-1.4.3.tgz",
      "integrity": "sha1-ohJUPDnHx2Qk7dEr9HTEiarKSUw="
    },
    "minimist": {
      "version": "https://registry.npmjs.org/minimist/-/minimist-0.0.8.tgz",
      "integrity": "sha1-hX/Kv8M5fSYluCKCYuhqp6ARsF0="
    },
    "mkdirp": {
      "version": "https://registry.npmjs.org/mkdirp/-/mkdirp-0.5.1.tgz",
      "integrity": "sha1-MAV0OOrGz3+MR2fzhkjWaX11yQM="
    },
    "moment": {
      "version": "https://registry.npmjs.org/moment/-/moment-2.15.2.tgz",
      "integrity": "sha1-G/3t9qbjRfMi/pVtXfW9CKjOhNw="
    },
    "nedb": {
      "version": "https://registry.npmjs.org/nedb/-/nedb-1.8.0.tgz",
      "integrity": "sha1-DjUCzYLABNU1WkPJ5VV3vXvZHYg="
    },
    "object-keys": {
      "version": "https://registry.npmjs.org/object-keys/-/object-keys-1.0.11.tgz",
      "integrity": "sha1-xUYBd4rVYPEULODgG8yotW0TQm0="
    },
    "once": {
      "version": "https://registry.npmjs.org/once/-/once-1.3.3.tgz",
      "integrity": "sha1-suJhVXzkwxTsgwTz+oJmPkKXyiA="
    },
    "oppsy": {
      "version": "https://registry.npmjs.org/oppsy/-/oppsy-1.0.2.tgz",
      "integrity": "sha1-mAFM1pZ2U6g8//pVQibckAULqtQ="
    },
    "private": {
      "version": "https://registry.npmjs.org/private/-/private-0.1.6.tgz",
      "integrity": "sha1-VcapdtD5uvuZJIUTUP5HubX7t8E="
    },
    "process-nextick-args": {
      "version": "https://registry.npmjs.org/process-nextick-args/-/process-nextick-args-1.0.7.tgz",
      "integrity": "sha1-FQ4gt1ZZCtP5EJPyWk8q2L/zC6M="
    },
    "pump": {
      "version": "https://registry.npmjs.org/pump/-/pump-1.0.2.tgz",
      "integrity": "sha1-Oz7mUS+U8OV1U4wXmV+fFpkKXVE=",
      "dependencies": {
        "end-of-stream": {
          "version": "https://registry.npmjs.org/end-of-stream/-/end-of-stream-1.1.0.tgz",
          "integrity": "sha1-6TUyWLqpEIll78QcsO+K3i88+wc="
        }
      }
    },
    "pumpify": {
      "version": "https://registry.npmjs.org/pumpify/-/pumpify-1.3.5.tgz",
      "integrity": "sha1-G2ccYZlAq8rqwK0OOjwWS+dgmTs="
    },
    "readable-stream": {
      "version": "https://registry.npmjs.org/readable-stream/-/readable-stream-2.2.2.tgz",
      "integrity": "sha1-qeb+w8fdqF+LsbO6cChgRVb8gl4="
    },
    "recast": {
      "version": "https://registry.npmjs.org/recast/-/recast-0.10.43.tgz",
      "integrity": "sha1-uV1Q9tYHYaX2JS4V2AZ4FoSRzn8=",
      "dependencies": {
        "esprima-fb": {
          "version": "https://registry.npmjs.org/esprima-fb/-/esprima-fb-15001.1001.0-dev-harmony-fb.tgz",
          "integrity": "sha1-Q761fsJujPI3092LM+QlM1d/Jlk="
        },
        "source-map": {
          "version": "https://registry.npmjs.org/source-map/-/source-map-0.5.6.tgz",
          "integrity": "sha1-dc449SvwczxafwwRjYEzSiu19BI="
        }
      }
    },
    "source-map": {
      "version": "https://registry.npmjs.org/source-map/-/source-map-0.1.31.tgz",
      "integrity": "sha1-n3BNDWnZ4TioG63267T94z0VHGE="
    },
    "stream-shift": {
      "version": "https://registry.npmjs.org/stream-shift/-/stream-shift-1.0.0.tgz",
      "integrity": "sha1-1cdSgl5TZ+eG944Y5EXqIjoVWVI="
    },
    "string_decoder": {
      "version": "https://registry.npmjs.org/string_decoder/-/string_decoder-0.10.31.tgz",
      "integrity": "sha1-YuIDvEF2bGwoyfyEMB2rHFMQ+pQ="
    },
    "through": {
      "version": "https://registry.npmjs.org/through/-/through-2.3.8.tgz",
      "integrity": "sha1-DdTJ/6q8NXlgsbckEV1+Doai4fU="
    },
    "through2": {
      "version": "https://registry.npmjs.org/through2/-/through2-0.6.5.tgz",
      "integrity": "sha1-QaucZ7KdVyCQcUEOHXp6lozTrUg=",
      "dependencies": {
        "isarray": {
          "version": "https://registry.npmjs.org/isarray/-/isarray-0.0.1.tgz",
          "integrity": "sha1-ihis/Kmo9Bd+Cav8YDiTmwXR7t8="
        },
        "readable-stream": {
          "version": "https://registry.npmjs.org/readable-stream/-/readable-stream-1.0.34.tgz",
          "integrity": "sha1-Elgg40vIQtLyqq+v5MKRbuMsFXw="
        }
      }
    },
    "topo": {
      "version": "https://registry.npmjs.org/topo/-/topo-2.0.2.tgz",
      "integrity": "sha1-zVYVdSU5BXwNwEkaYhw7xvvh0YI="
    },
    "underscore": {
      "version": "https://registry.npmjs.org/underscore/-/underscore-1.4.4.tgz",
      "integrity": "sha1-YaajIBBiKvoHljvzJSA88SI51gQ="
    },
    "unreachable-branch-transform": {
      "version": "https://registry.npmjs.org/unreachable-branch-transform/-/unreachable-branch-transform-0.3.0.tgz",
      "integrity": "sha1-2ZzExudG0mSSiEW2EdtUsPNHTKo="
    },
    "util-deprecate": {
      "version": "https://registry.npmjs.org/util-deprecate/-/util-deprecate-1.0.2.tgz",
      "integrity": "sha1-RQ1Nyfpw3nMnYvvS1KKJgUGaDM8="
    },
    "vm2": {
      "version": "https://registry.npmjs.org/vm2/-/vm2-3.2.0.tgz",
      "integrity": "sha1-inY78zFDVoALqqUovPVGwmfoS7k="
    },
    "wrappy": {
      "version": "https://registry.npmjs.org/wrappy/-/wrappy-1.0.2.tgz",
      "integrity": "sha1-tSQ9jz7BqjXxNkYFvA0QNuMKtp8="
    },
    "xtend": {
      "version": "https://registry.npmjs.org/xtend/-/xtend-4.0.1.tgz",
      "integrity": "sha1-pcbVMr5lbiPbgg77lDofBJmNY68="
    }
  }
}
